{
  "name": "final-project",
  "version": "1.0.0",
  "lockfileVersion": 3,
  "requires": true,
  "packages": {
    "": {
      "name": "final-project",
      "version": "1.0.0",
      "license": "ISC",
      "dependencies": {
        "@tarekraafat/autocomplete.js": "^10.2.9",
        "sweetalert2": "^11.14.5"
      }
    },
    "node_modules/@tarekraafat/autocomplete.js": {
      "version": "10.2.9",
      "resolved": "https://registry.npmjs.org/@tarekraafat/autocomplete.js/-/autocomplete.js-10.2.9.tgz",
      "integrity": "sha512-A7OP3iJDTWeO85M3Vxu391acu9SmDguormHpMZ13khuyM180dKl9O1gAXSDA322XwkYuUU1Ad7WchW1TQNNuDw==",
      "funding": [
        {
          "type": "opencollective",
          "url": "https://opencollective.com/autocompletejs"
        },
        {
          "type": "liberapay",
          "url": "https://liberapay.com/TarekRaafat"
        },
        {
          "type": "patreon",
          "url": "https://patreon.com/TarekRaafat"
        }
      ],
      "license": "Apache-2.0"
    },
    "node_modules/sweetalert2": {
      "version": "11.14.5",
      "resolved": "https://registry.npmjs.org/sweetalert2/-/sweetalert2-11.14.5.tgz",
      "integrity": "sha512-8MWk5uc/r6bWhiJWkUXyEuApfXAhSCZT8FFX7pZXL7YwaPxq+9Ynhi2dUzWkOFn9jvLjKj22CXuccZ+IHcnjvQ==",
      "license": "MIT",
      "funding": {
        "type": "individual",
        "url": "https://github.com/sponsors/limonte"
      }
    }
  }
}
